
Microsoft Visual Studio Solution File, Format Version 12.00
# Visual Studio Version 17
VisualStudioVersion = 17.0.31903.59
MinimumVisualStudioVersion = 10.0.40219.1
Project("{2150E333-8FDC-42A3-9474-1A3956D46DE8}") = "src", "src", "{ADAFAC4A-E7E4-48EE-AC48-6ECA1B6B0E5E}"
EndProject
Project("{FAE04EC0-301F-11D3-BF4B-00C04F79EFBC}") = "tic_tac_toe", "src\tic_tac_toe\tic_tac_toe.csproj", "{B9EC5B04-7635-4733-9AB9-5AA9AAE00228}"
EndProject
Project("{2150E333-8FDC-42A3-9474-1A3956D46DE8}") = "test", "test", "{2B9BA492-C1E4-4BE3-B50D-5D2462D1CC72}"
EndProject
Project("{FAE04EC0-301F-11D3-BF4B-00C04F79EFBC}") = "Test_tic_tac_toe", "test\Test_tic_tac_toe\Test_tic_tac_toe.csproj", "{CD0A6DDD-1ED0-4016-BA77-4616D6A88ED2}"
EndProject
Global
	GlobalSection(SolutionConfigurationPlatforms) = preSolution
		Debug|Any CPU = Debug|Any CPU
		Release|Any CPU = Release|Any CPU
	EndGlobalSection
	GlobalSection(SolutionProperties) = preSolution
		HideSolutionNode = FALSE
	EndGlobalSection
	GlobalSection(ProjectConfigurationPlatforms) = postSolution
		{B9EC5B04-7635-4733-9AB9-5AA9AAE00228}.Debug|Any CPU.ActiveCfg = Debug|Any CPU
		{B9EC5B04-7635-4733-9AB9-5AA9AAE00228}.Debug|Any CPU.Build.0 = Debug|Any CPU
		{B9EC5B04-7635-4733-9AB9-5AA9AAE00228}.Release|Any CPU.ActiveCfg = Release|Any CPU
		{B9EC5B04-7635-4733-9AB9-5AA9AAE00228}.Release|Any CPU.Build.0 = Release|Any CPU
		{CD0A6DDD-1ED0-4016-BA77-4616D6A88ED2}.Debug|Any CPU.ActiveCfg = Debug|Any CPU
		{CD0A6DDD-1ED0-4016-BA77-4616D6A88ED2}.Debug|Any CPU.Build.0 = Debug|Any CPU
		{CD0A6DDD-1ED0-4016-BA77-4616D6A88ED2}.Release|Any CPU.ActiveCfg = Release|Any CPU
		{CD0A6DDD-1ED0-4016-BA77-4616D6A88ED2}.Release|Any CPU.Build.0 = Release|Any CPU
	EndGlobalSection
	GlobalSection(NestedProjects) = preSolution
		{B9EC5B04-7635-4733-9AB9-5AA9AAE00228} = {ADAFAC4A-E7E4-48EE-AC48-6ECA1B6B0E5E}
		{CD0A6DDD-1ED0-4016-BA77-4616D6A88ED2} = {2B9BA492-C1E4-4BE3-B50D-5D2462D1CC72}
	EndGlobalSection
EndGlobal
